# This file is automatically @generated by Cargo.
# It is not intended for manual editing.
version = 3

[[package]]
name = "nomt"
version = "0.1.0"

[[package]]
name = "nomt-backend-rocksdb"
version = "0.1.0"

[[package]]
name = "nomt-backend-ssd-map"
version = "0.1.0"

[[package]]
name = "nomt-core"
version = "0.1.0"
